
Microsoft Visual Studio Solution File, Format Version 12.00
# Visual Studio Version 17
VisualStudioVersion = 17.14.36811.4 d17.14
MinimumVisualStudioVersion = 10.0.40219.1
Project("{FAE04EC0-301F-11D3-BF4B-00C04F79EFBC}") = "CampusRoom", "CampusRoom\CampusRoom.csproj", "{428B3ABE-F370-4E82-9D9F-F0B75A60AA2F}"
EndProject
Project("{FAE04EC0-301F-11D3-BF4B-00C04F79EFBC}") = "Domain.Models", "Domain.Models\Domain.Models.csproj", "{77CA20FA-D017-451A-AB06-D9E459706E5A}"
EndProject
Project("{FAE04EC0-301F-11D3-BF4B-00C04F79EFBC}") = "CampusRoom.Infrastructure", "CampusRoom.Infrastructure\CampusRoom.Infrastructure.csproj", "{E8911728-5253-41DD-908C-23F77839B435}"
EndProject
Project("{FAE04EC0-301F-11D3-BF4B-00C04F79EFBC}") = "CampusRoom.Application", "CampusRoom.Application\CampusRoom.Application.csproj", "{A4A24045-4998-4749-A9BE-521C1584C318}"
EndProject
Project("{FAE04EC0-301F-11D3-BF4B-00C04F79EFBC}") = "CampusRoom.Presentation", "CampusRoom.Presentation\CampusRoom.Presentation.csproj", "{527B2C97-E324-4834-94EE-9586530C1B28}"
EndProject
Global
	GlobalSection(SolutionConfigurationPlatforms) = preSolution
		Debug|Any CPU = Debug|Any CPU
		Release|Any CPU = Release|Any CPU
	EndGlobalSection
	GlobalSection(ProjectConfigurationPlatforms) = postSolution
		{428B3ABE-F370-4E82-9D9F-F0B75A60AA2F}.Debug|Any CPU.ActiveCfg = Debug|Any CPU
		{428B3ABE-F370-4E82-9D9F-F0B75A60AA2F}.Debug|Any CPU.Build.0 = Debug|Any CPU
		{428B3ABE-F370-4E82-9D9F-F0B75A60AA2F}.Release|Any CPU.ActiveCfg = Release|Any CPU
		{428B3ABE-F370-4E82-9D9F-F0B75A60AA2F}.Release|Any CPU.Build.0 = Release|Any CPU
		{77CA20FA-D017-451A-AB06-D9E459706E5A}.Debug|Any CPU.ActiveCfg = Debug|Any CPU
		{77CA20FA-D017-451A-AB06-D9E459706E5A}.Debug|Any CPU.Build.0 = Debug|Any CPU
		{77CA20FA-D017-451A-AB06-D9E459706E5A}.Release|Any CPU.ActiveCfg = Release|Any CPU
		{77CA20FA-D017-451A-AB06-D9E459706E5A}.Release|Any CPU.Build.0 = Release|Any CPU
		{E8911728-5253-41DD-908C-23F77839B435}.Debug|Any CPU.ActiveCfg = Debug|Any CPU
		{E8911728-5253-41DD-908C-23F77839B435}.Debug|Any CPU.Build.0 = Debug|Any CPU
		{E8911728-5253-41DD-908C-23F77839B435}.Release|Any CPU.ActiveCfg = Release|Any CPU
		{E8911728-5253-41DD-908C-23F77839B435}.Release|Any CPU.Build.0 = Release|Any CPU
		{A4A24045-4998-4749-A9BE-521C1584C318}.Debug|Any CPU.ActiveCfg = Debug|Any CPU
		{A4A24045-4998-4749-A9BE-521C1584C318}.Debug|Any CPU.Build.0 = Debug|Any CPU
		{A4A24045-4998-4749-A9BE-521C1584C318}.Release|Any CPU.ActiveCfg = Release|Any CPU
		{A4A24045-4998-4749-A9BE-521C1584C318}.Release|Any CPU.Build.0 = Release|Any CPU
		{527B2C97-E324-4834-94EE-9586530C1B28}.Debug|Any CPU.ActiveCfg = Debug|Any CPU
		{527B2C97-E324-4834-94EE-9586530C1B28}.Debug|Any CPU.Build.0 = Debug|Any CPU
		{527B2C97-E324-4834-94EE-9586530C1B28}.Release|Any CPU.ActiveCfg = Release|Any CPU
		{527B2C97-E324-4834-94EE-9586530C1B28}.Release|Any CPU.Build.0 = Release|Any CPU
	EndGlobalSection
	GlobalSection(SolutionProperties) = preSolution
		HideSolutionNode = FALSE
	EndGlobalSection
	GlobalSection(ExtensibilityGlobals) = postSolution
		SolutionGuid = {2C4127FA-8B68-4348-A37E-55CF7E6FEEAD}
	EndGlobalSection
EndGlobal
